
Microsoft Visual Studio Solution File, Format Version 12.00
# Visual Studio Version 17
VisualStudioVersion = 17.6.33801.468
MinimumVisualStudioVersion = 10.0.40219.1
Project("{FAE04EC0-301F-11D3-BF4B-00C04F79EFBC}") = "P1.SumMatrixElements", "P1.SumMatrixElements\P1.SumMatrixElements.csproj", "{0DB6D662-AB1B-43E3-9DFB-97CDD810B6D4}"
EndProject
Project("{FAE04EC0-301F-11D3-BF4B-00C04F79EFBC}") = "P2.SumMatrixColumns", "P2.SumMatrixColumns\P2.SumMatrixColumns.csproj", "{6208BCB2-1B54-4732-A083-12F504F37735}"
EndProject
Project("{FAE04EC0-301F-11D3-BF4B-00C04F79EFBC}") = "P3.PrimaryDiagonal", "P3.PrimaryDiagonal\P3.PrimaryDiagonal.csproj", "{95ADF9A5-F87B-48CC-8988-D21347225217}"
EndProject
Project("{FAE04EC0-301F-11D3-BF4B-00C04F79EFBC}") = "P5.SquareWithMaximumSum", "P5.SquareWithMaximumSum\P5.SquareWithMaximumSum.csproj", "{9AAF6D3C-04E7-469C-9135-611EE141DE8A}"
EndProject
Global
	GlobalSection(SolutionConfigurationPlatforms) = preSolution
		Debug|Any CPU = Debug|Any CPU
		Release|Any CPU = Release|Any CPU
	EndGlobalSection
	GlobalSection(ProjectConfigurationPlatforms) = postSolution
		{0DB6D662-AB1B-43E3-9DFB-97CDD810B6D4}.Debug|Any CPU.ActiveCfg = Debug|Any CPU
		{0DB6D662-AB1B-43E3-9DFB-97CDD810B6D4}.Debug|Any CPU.Build.0 = Debug|Any CPU
		{0DB6D662-AB1B-43E3-9DFB-97CDD810B6D4}.Release|Any CPU.ActiveCfg = Release|Any CPU
		{0DB6D662-AB1B-43E3-9DFB-97CDD810B6D4}.Release|Any CPU.Build.0 = Release|Any CPU
		{6208BCB2-1B54-4732-A083-12F504F37735}.Debug|Any CPU.ActiveCfg = Debug|Any CPU
		{6208BCB2-1B54-4732-A083-12F504F37735}.Debug|Any CPU.Build.0 = Debug|Any CPU
		{6208BCB2-1B54-4732-A083-12F504F37735}.Release|Any CPU.ActiveCfg = Release|Any CPU
		{6208BCB2-1B54-4732-A083-12F504F37735}.Release|Any CPU.Build.0 = Release|Any CPU
		{95ADF9A5-F87B-48CC-8988-D21347225217}.Debug|Any CPU.ActiveCfg = Debug|Any CPU
		{95ADF9A5-F87B-48CC-8988-D21347225217}.Debug|Any CPU.Build.0 = Debug|Any CPU
		{95ADF9A5-F87B-48CC-8988-D21347225217}.Release|Any CPU.ActiveCfg = Release|Any CPU
		{95ADF9A5-F87B-48CC-8988-D21347225217}.Release|Any CPU.Build.0 = Release|Any CPU
		{9AAF6D3C-04E7-469C-9135-611EE141DE8A}.Debug|Any CPU.ActiveCfg = Debug|Any CPU
		{9AAF6D3C-04E7-469C-9135-611EE141DE8A}.Debug|Any CPU.Build.0 = Debug|Any CPU
		{9AAF6D3C-04E7-469C-9135-611EE141DE8A}.Release|Any CPU.ActiveCfg = Release|Any CPU
		{9AAF6D3C-04E7-469C-9135-611EE141DE8A}.Release|Any CPU.Build.0 = Release|Any CPU
	EndGlobalSection
	GlobalSection(SolutionProperties) = preSolution
		HideSolutionNode = FALSE
	EndGlobalSection
	GlobalSection(ExtensibilityGlobals) = postSolution
		SolutionGuid = {AD5DE2EE-4CF9-43EF-A721-01A7F5D1C7AA}
	EndGlobalSection
EndGlobal
